// !$*UTF8*$!
{
	archiveVersion = 1;
	classes = {
	};
	objectVersion = 50;
	objects = {

/* Begin PBXBuildFile section */
		8F3E3B1C234D016D0056B54B /* AppDelegate.swift in Sources */ = {isa = PBXBuildFile; fileRef = 8F3E3B1B234D016D0056B54B /* AppDelegate.swift */; };
		8F3E3B1E234D016D0056B54B /* SceneDelegate.swift in Sources */ = {isa = PBXBuildFile; fileRef = 8F3E3B1D234D016D0056B54B /* SceneDelegate.swift */; };
		8F3E3B20234D016D0056B54B /* ContentView.swift in Sources */ = {isa = PBXBuildFile; fileRef = 8F3E3B1F234D016D0056B54B /* ContentView.swift */; };
		8F3E3B22234D016F0056B54B /* Assets.xcassets in Resources */ = {isa = PBXBuildFile; fileRef = 8F3E3B21234D016F0056B54B /* Assets.xcassets */; };
		8F3E3B25234D016F0056B54B /* Preview Assets.xcassets in Resources */ = {isa = PBXBuildFile; fileRef = 8F3E3B24234D016F0056B54B /* Preview Assets.xcassets */; };
		8F3E3B28234D016F0056B54B /* LaunchScreen.storyboard in Resources */ = {isa = PBXBuildFile; fileRef = 8F3E3B26234D016F0056B54B /* LaunchScreen.storyboard */; };
		8F3E3B33234D016F0056B54B /* HotdogNotHotdogTests.swift in Sources */ = {isa = PBXBuildFile; fileRef = 8F3E3B32234D016F0056B54B /* HotdogNotHotdogTests.swift */; };
		8F3E3B3E234D016F0056B54B /* HotdogNotHotdogUITests.swift in Sources */ = {isa = PBXBuildFile; fileRef = 8F3E3B3D234D016F0056B54B /* HotdogNotHotdogUITests.swift */; };
		8F3E3B4D234D030D0056B54B /* ImageView.swift in Sources */ = {isa = PBXBuildFile; fileRef = 8F3E3B4C234D030D0056B54B /* ImageView.swift */; };
		8F3E3B4F234D04010056B54B /* CameraView.swift in Sources */ = {isa = PBXBuildFile; fileRef = 8F3E3B4E234D04010056B54B /* CameraView.swift */; };
		8F3E3B51234D06020056B54B /* CameraState.swift in Sources */ = {isa = PBXBuildFile; fileRef = 8F3E3B50234D06020056B54B /* CameraState.swift */; };
		8F94A6C7234E791B00D407C6 /* Resnet50.mlmodel in Sources */ = {isa = PBXBuildFile; fileRef = 8F94A6C6234E791B00D407C6 /* Resnet50.mlmodel */; };
		8F94A6C9234E7A1F00D407C6 /* ResultView.swift in Sources */ = {isa = PBXBuildFile; fileRef = 8F94A6C8234E7A1F00D407C6 /* ResultView.swift */; };
/* End PBXBuildFile section */

/* Begin PBXContainerItemProxy section */
		8F3E3B2F234D016F0056B54B /* PBXContainerItemProxy */ = {
			isa = PBXContainerItemProxy;
			containerPortal = 8F3E3B10234D016D0056B54B /* Project object */;
			proxyType = 1;
			remoteGlobalIDString = 8F3E3B17234D016D0056B54B;
			remoteInfo = HotdogNotHotdog;
		};
		8F3E3B3A234D016F0056B54B /* PBXContainerItemProxy */ = {
			isa = PBXContainerItemProxy;
			containerPortal = 8F3E3B10234D016D0056B54B /* Project object */;
			proxyType = 1;
			remoteGlobalIDString = 8F3E3B17234D016D0056B54B;
			remoteInfo = HotdogNotHotdog;
		};
/* End PBXContainerItemProxy section */

/* Begin PBXFileReference section */
		8F3E3B18234D016D0056B54B /* HotdogNotHotdog.app */ = {isa = PBXFileReference; explicitFileType = wrapper.application; includeInIndex = 0; path = HotdogNotHotdog.app; sourceTree = BUILT_PRODUCTS_DIR; };
		8F3E3B1B234D016D0056B54B /* AppDelegate.swift */ = {isa = PBXFileReference; lastKnownFileType = sourcecode.swift; path = AppDelegate.swift; sourceTree = "<group>"; };
		8F3E3B1D234D016D0056B54B /* SceneDelegate.swift */ = {isa = PBXFileReference; lastKnownFileType = sourcecode.swift; path = SceneDelegate.swift; sourceTree = "<group>"; };
		8F3E3B1F234D016D0056B54B /* ContentView.swift */ = {isa = PBXFileReference; lastKnownFileType = sourcecode.swift; path = ContentView.swift; sourceTree = "<group>"; };
		8F3E3B21234D016F0056B54B /* Assets.xcassets */ = {isa = PBXFileReference; lastKnownFileType = folder.assetcatalog; path = Assets.xcassets; sourceTree = "<group>"; };
		8F3E3B24234D016F0056B54B /* Preview Assets.xcassets */ = {isa = PBXFileReference; lastKnownFileType = folder.assetcatalog; path = "Preview Assets.xcassets"; sourceTree = "<group>"; };
		8F3E3B27234D016F0056B54B /* Base */ = {isa = PBXFileReference; lastKnownFileType = file.storyboard; name = Base; path = Base.lproj/LaunchScreen.storyboard; sourceTree = "<group>"; };
		8F3E3B29234D016F0056B54B /* Info.plist */ = {isa = PBXFileReference; lastKnownFileType = text.plist.xml; path = Info.plist; sourceTree = "<group>"; };
		8F3E3B2E234D016F0056B54B /* HotdogNotHotdogTests.xctest */ = {isa = PBXFileReference; explicitFileType = wrapper.cfbundle; includeInIndex = 0; path = HotdogNotHotdogTests.xctest; sourceTree = BUILT_PRODUCTS_DIR; };
		8F3E3B32234D016F0056B54B /* HotdogNotHotdogTests.swift */ = {isa = PBXFileReference; lastKnownFileType = sourcecode.swift; path = HotdogNotHotdogTests.swift; sourceTree = "<group>"; };
		8F3E3B34234D016F0056B54B /* Info.plist */ = {isa = PBXFileReference; lastKnownFileType = text.plist.xml; path = Info.plist; sourceTree = "<group>"; };
		8F3E3B39234D016F0056B54B /* HotdogNotHotdogUITests.xctest */ = {isa = PBXFileReference; explicitFileType = wrapper.cfbundle; includeInIndex = 0; path = HotdogNotHotdogUITests.xctest; sourceTree = BUILT_PRODUCTS_DIR; };
		8F3E3B3D234D016F0056B54B /* HotdogNotHotdogUITests.swift */ = {isa = PBXFileReference; lastKnownFileType = sourcecode.swift; path = HotdogNotHotdogUITests.swift; sourceTree = "<group>"; };
		8F3E3B3F234D016F0056B54B /* Info.plist */ = {isa = PBXFileReference; lastKnownFileType = text.plist.xml; path = Info.plist; sourceTree = "<group>"; };
		8F3E3B4C234D030D0056B54B /* ImageView.swift */ = {isa = PBXFileReference; lastKnownFileType = sourcecode.swift; path = ImageView.swift; sourceTree = "<group>"; };
		8F3E3B4E234D04010056B54B /* CameraView.swift */ = {isa = PBXFileReference; lastKnownFileType = sourcecode.swift; path = CameraView.swift; sourceTree = "<group>"; };
		8F3E3B50234D06020056B54B /* CameraState.swift */ = {isa = PBXFileReference; lastKnownFileType = sourcecode.swift; path = CameraState.swift; sourceTree = "<group>"; };
		8F94A6C6234E791B00D407C6 /* Resnet50.mlmodel */ = {isa = PBXFileReference; lastKnownFileType = file.mlmodel; path = Resnet50.mlmodel; sourceTree = "<group>"; };
		8F94A6C8234E7A1F00D407C6 /* ResultView.swift */ = {isa = PBXFileReference; lastKnownFileType = sourcecode.swift; path = ResultView.swift; sourceTree = "<group>"; };
/* End PBXFileReference section */

/* Begin PBXFrameworksBuildPhase section */
		8F3E3B15234D016D0056B54B /* Frameworks */ = {
			isa = PBXFrameworksBuildPhase;
			buildActionMask = 2147483647;
			files = (
			);
			runOnlyForDeploymentPostprocessing = 0;
		};
		8F3E3B2B234D016F0056B54B /* Frameworks */ = {
			isa = PBXFrameworksBuildPhase;
			buildActionMask = 2147483647;
			files = (
			);
			runOnlyForDeploymentPostprocessing = 0;
		};
		8F3E3B36234D016F0056B54B /* Frameworks */ = {
			isa = PBXFrameworksBuildPhase;
			buildActionMask = 2147483647;
			files = (
			);
			runOnlyForDeploymentPostprocessing = 0;
		};
/* End PBXFrameworksBuildPhase section */

/* Begin PBXGroup section */
		8F3E3B0F234D016D0056B54B = {
			isa = PBXGroup;
			children = (
				8F3E3B1A234D016D0056B54B /* HotdogNotHotdog */,
				8F3E3B31234D016F0056B54B /* HotdogNotHotdogTests */,
				8F3E3B3C234D016F0056B54B /* HotdogNotHotdogUITests */,
				8F3E3B19234D016D0056B54B /* Products */,
			);
			sourceTree = "<group>";
		};
		8F3E3B19234D016D0056B54B /* Products */ = {
			isa = PBXGroup;
			children = (
				8F3E3B18234D016D0056B54B /* HotdogNotHotdog.app */,
				8F3E3B2E234D016F0056B54B /* HotdogNotHotdogTests.xctest */,
				8F3E3B39234D016F0056B54B /* HotdogNotHotdogUITests.xctest */,
			);
			name = Products;
			sourceTree = "<group>";
		};
		8F3E3B1A234D016D0056B54B /* HotdogNotHotdog */ = {
			isa = PBXGroup;
			children = (
				8F94A6C6234E791B00D407C6 /* Resnet50.mlmodel */,
				8F3E3B4B234D02F50056B54B /* SupportingViews */,
				8F3E3B1B234D016D0056B54B /* AppDelegate.swift */,
				8F3E3B1D234D016D0056B54B /* SceneDelegate.swift */,
				8F3E3B1F234D016D0056B54B /* ContentView.swift */,
				8F3E3B21234D016F0056B54B /* Assets.xcassets */,
				8F3E3B26234D016F0056B54B /* LaunchScreen.storyboard */,
				8F3E3B29234D016F0056B54B /* Info.plist */,
				8F3E3B23234D016F0056B54B /* Preview Content */,
				8F3E3B50234D06020056B54B /* CameraState.swift */,
			);
			path = HotdogNotHotdog;
			sourceTree = "<group>";
		};
		8F3E3B23234D016F0056B54B /* Preview Content */ = {
			isa = PBXGroup;
			children = (
				8F3E3B24234D016F0056B54B /* Preview Assets.xcassets */,
			);
			path = "Preview Content";
			sourceTree = "<group>";
		};
		8F3E3B31234D016F0056B54B /* HotdogNotHotdogTests */ = {
			isa = PBXGroup;
			children = (
				8F3E3B32234D016F0056B54B /* HotdogNotHotdogTests.swift */,
				8F3E3B34234D016F0056B54B /* Info.plist */,
			);
			path = HotdogNotHotdogTests;
			sourceTree = "<group>";
		};
		8F3E3B3C234D016F0056B54B /* HotdogNotHotdogUITests */ = {
			isa = PBXGroup;
			children = (
				8F3E3B3D234D016F0056B54B /* HotdogNotHotdogUITests.swift */,
				8F3E3B3F234D016F0056B54B /* Info.plist */,
			);
			path = HotdogNotHotdogUITests;
			sourceTree = "<group>";
		};
		8F3E3B4B234D02F50056B54B /* SupportingViews */ = {
			isa = PBXGroup;
			children = (
				8F3E3B4C234D030D0056B54B /* ImageView.swift */,
				8F3E3B4E234D04010056B54B /* CameraView.swift */,
				8F94A6C8234E7A1F00D407C6 /* ResultView.swift */,
			);
			path = SupportingViews;
			sourceTree = "<group>";
		};
/* End PBXGroup section */

/* Begin PBXNativeTarget section */
		8F3E3B17234D016D0056B54B /* HotdogNotHotdog */ = {
			isa = PBXNativeTarget;
			buildConfigurationList = 8F3E3B42234D016F0056B54B /* Build configuration list for PBXNativeTarget "HotdogNotHotdog" */;
			buildPhases = (
				8F3E3B14234D016D0056B54B /* Sources */,
				8F3E3B15234D016D0056B54B /* Frameworks */,
				8F3E3B16234D016D0056B54B /* Resources */,
			);
			buildRules = (
			);
			dependencies = (
			);
			name = HotdogNotHotdog;
			productName = HotdogNotHotdog;
			productReference = 8F3E3B18234D016D0056B54B /* HotdogNotHotdog.app */;
			productType = "com.apple.product-type.application";
		};
		8F3E3B2D234D016F0056B54B /* HotdogNotHotdogTests */ = {
			isa = PBXNativeTarget;
			buildConfigurationList = 8F3E3B45234D016F0056B54B /* Build configuration list for PBXNativeTarget "HotdogNotHotdogTests" */;
			buildPhases = (
				8F3E3B2A234D016F0056B54B /* Sources */,
				8F3E3B2B234D016F0056B54B /* Frameworks */,
				8F3E3B2C234D016F0056B54B /* Resources */,
			);
			buildRules = (
			);
			dependencies = (
				8F3E3B30234D016F0056B54B /* PBXTargetDependency */,
			);
			name = HotdogNotHotdogTests;
			productName = HotdogNotHotdogTests;
			productReference = 8F3E3B2E234D016F0056B54B /* HotdogNotHotdogTests.xctest */;
			productType = "com.apple.product-type.bundle.unit-test";
		};
		8F3E3B38234D016F0056B54B /* HotdogNotHotdogUITests */ = {
			isa = PBXNativeTarget;
			buildConfigurationList = 8F3E3B48234D016F0056B54B /* Build configuration list for PBXNativeTarget "HotdogNotHotdogUITests" */;
			buildPhases = (
				8F3E3B35234D016F0056B54B /* Sources */,
				8F3E3B36234D016F0056B54B /* Frameworks */,
				8F3E3B37234D016F0056B54B /* Resources */,
			);
			buildRules = (
			);
			dependencies = (
				8F3E3B3B234D016F0056B54B /* PBXTargetDependency */,
			);
			name = HotdogNotHotdogUITests;
			productName = HotdogNotHotdogUITests;
			productReference = 8F3E3B39234D016F0056B54B /* HotdogNotHotdogUITests.xctest */;
			productType = "com.apple.product-type.bundle.ui-testing";
		};
/* End PBXNativeTarget section */

/* Begin PBXProject section */
		8F3E3B10234D016D0056B54B /* Project object */ = {
			isa = PBXProject;
			attributes = {
				LastSwiftUpdateCheck = 1110;
				LastUpgradeCheck = 1110;
				ORGANIZATIONNAME = "Bouvet Norge AS";
				TargetAttributes = {
					8F3E3B17234D016D0056B54B = {
						CreatedOnToolsVersion = 11.1;
					};
					8F3E3B2D234D016F0056B54B = {
						CreatedOnToolsVersion = 11.1;
						TestTargetID = 8F3E3B17234D016D0056B54B;
					};
					8F3E3B38234D016F0056B54B = {
						CreatedOnToolsVersion = 11.1;
						TestTargetID = 8F3E3B17234D016D0056B54B;
					};
				};
			};
			buildConfigurationList = 8F3E3B13234D016D0056B54B /* Build configuration list for PBXProject "HotdogNotHotdog" */;
			compatibilityVersion = "Xcode 9.3";
			developmentRegion = en;
			hasScannedForEncodings = 0;
			knownRegions = (
				en,
				Base,
			);
			mainGroup = 8F3E3B0F234D016D0056B54B;
			productRefGroup = 8F3E3B19234D016D0056B54B /* Products */;
			projectDirPath = "";
			projectRoot = "";
			targets = (
				8F3E3B17234D016D0056B54B /* HotdogNotHotdog */,
				8F3E3B2D234D016F0056B54B /* HotdogNotHotdogTests */,
				8F3E3B38234D016F0056B54B /* HotdogNotHotdogUITests */,
			);
		};
/* End PBXProject section */

/* Begin PBXResourcesBuildPhase section */
		8F3E3B16234D016D0056B54B /* Resources */ = {
			isa = PBXResourcesBuildPhase;
			buildActionMask = 2147483647;
			files = (
				8F3E3B28234D016F0056B54B /* LaunchScreen.storyboard in Resources */,
				8F3E3B25234D016F0056B54B /* Preview Assets.xcassets in Resources */,
				8F3E3B22234D016F0056B54B /* Assets.xcassets in Resources */,
			);
			runOnlyForDeploymentPostprocessing = 0;
		};
		8F3E3B2C234D016F0056B54B /* Resources */ = {
			isa = PBXResourcesBuildPhase;
			buildActionMask = 2147483647;
			files = (
			);
			runOnlyForDeploymentPostprocessing = 0;
		};
		8F3E3B37234D016F0056B54B /* Resources */ = {
			isa = PBXResourcesBuildPhase;
			buildActionMask = 2147483647;
			files = (
			);
			runOnlyForDeploymentPostprocessing = 0;
		};
/* End PBXResourcesBuildPhase section */

/* Begin PBXSourcesBuildPhase section */
		8F3E3B14234D016D0056B54B /* Sources */ = {
			isa = PBXSourcesBuildPhase;
			buildActionMask = 2147483647;
			files = (
				8F94A6C7234E791B00D407C6 /* Resnet50.mlmodel in Sources */,
				8F3E3B51234D06020056B54B /* CameraState.swift in Sources */,
				8F3E3B4D234D030D0056B54B /* ImageView.swift in Sources */,
				8F3E3B1C234D016D0056B54B /* AppDelegate.swift in Sources */,
				8F3E3B1E234D016D0056B54B /* SceneDelegate.swift in Sources */,
				8F94A6C9234E7A1F00D407C6 /* ResultView.swift in Sources */,
				8F3E3B4F234D04010056B54B /* CameraView.swift in Sources */,
				8F3E3B20234D016D0056B54B /* ContentView.swift in Sources */,
			);
			runOnlyForDeploymentPostprocessing = 0;
		};
		8F3E3B2A234D016F0056B54B /* Sources */ = {
			isa = PBXSourcesBuildPhase;
			buildActionMask = 2147483647;
			files = (
				8F3E3B33234D016F0056B54B /* HotdogNotHotdogTests.swift in Sources */,
			);
			runOnlyForDeploymentPostprocessing = 0;
		};
		8F3E3B35234D016F0056B54B /* Sources */ = {
			isa = PBXSourcesBuildPhase;
			buildActionMask = 2147483647;
			files = (
				8F3E3B3E234D016F0056B54B /* HotdogNotHotdogUITests.swift in Sources */,
			);
			runOnlyForDeploymentPostprocessing = 0;
		};
/* End PBXSourcesBuildPhase section */

/* Begin PBXTargetDependency section */
		8F3E3B30234D016F0056B54B /* PBXTargetDependency */ = {
			isa = PBXTargetDependency;
			target = 8F3E3B17234D016D0056B54B /* HotdogNotHotdog */;
			targetProxy = 8F3E3B2F234D016F0056B54B /* PBXContainerItemProxy */;
		};
		8F3E3B3B234D016F0056B54B /* PBXTargetDependency */ = {
			isa = PBXTargetDependency;
			target = 8F3E3B17234D016D0056B54B /* HotdogNotHotdog */;
			targetProxy = 8F3E3B3A234D016F0056B54B /* PBXContainerItemProxy */;
		};
/* End PBXTargetDependency section */

/* Begin PBXVariantGroup section */
		8F3E3B26234D016F0056B54B /* LaunchScreen.storyboard */ = {
			isa = PBXVariantGroup;
			children = (
				8F3E3B27234D016F0056B54B /* Base */,
			);
			name = LaunchScreen.storyboard;
			sourceTree = "<group>";
		};
/* End PBXVariantGroup section */

/* Begin XCBuildConfiguration section */
		8F3E3B40234D016F0056B54B /* Debug */ = {
			isa = XCBuildConfiguration;
			buildSettings = {
				ALWAYS_SEARCH_USER_PATHS = NO;
				CLANG_ANALYZER_NONNULL = YES;
				CLANG_ANALYZER_NUMBER_OBJECT_CONVERSION = YES_AGGRESSIVE;
				CLANG_CXX_LANGUAGE_STANDARD = "gnu++14";
				CLANG_CXX_LIBRARY = "libc++";
				CLANG_ENABLE_MODULES = YES;
				CLANG_ENABLE_OBJC_ARC = YES;
				CLANG_ENABLE_OBJC_WEAK = YES;
				CLANG_WARN_BLOCK_CAPTURE_AUTORELEASING = YES;
				CLANG_WARN_BOOL_CONVERSION = YES;
				CLANG_WARN_COMMA = YES;
				CLANG_WARN_CONSTANT_CONVERSION = YES;
				CLANG_WARN_DEPRECATED_OBJC_IMPLEMENTATIONS = YES;
				CLANG_WARN_DIRECT_OBJC_ISA_USAGE = YES_ERROR;
				CLANG_WARN_DOCUMENTATION_COMMENTS = YES;
				CLANG_WARN_EMPTY_BODY = YES;
				CLANG_WARN_ENUM_CONVERSION = YES;
				CLANG_WARN_INFINITE_RECURSION = YES;
				CLANG_WARN_INT_CONVERSION = YES;
				CLANG_WARN_NON_LITERAL_NULL_CONVERSION = YES;
				CLANG_WARN_OBJC_IMPLICIT_RETAIN_SELF = YES;
				CLANG_WARN_OBJC_LITERAL_CONVERSION = YES;
				CLANG_WARN_OBJC_ROOT_CLASS = YES_ERROR;
				CLANG_WARN_RANGE_LOOP_ANALYSIS = YES;
				CLANG_WARN_STRICT_PROTOTYPES = YES;
				CLANG_WARN_SUSPICIOUS_MOVE = YES;
				CLANG_WARN_UNGUARDED_AVAILABILITY = YES_AGGRESSIVE;
				CLANG_WARN_UNREACHABLE_CODE = YES;
				CLANG_WARN__DUPLICATE_METHOD_MATCH = YES;
				COPY_PHASE_STRIP = NO;
				DEBUG_INFORMATION_FORMAT = dwarf;
				ENABLE_STRICT_OBJC_MSGSEND = YES;
				ENABLE_TESTABILITY = YES;
				GCC_C_LANGUAGE_STANDARD = gnu11;
				GCC_DYNAMIC_NO_PIC = NO;
				GCC_NO_COMMON_BLOCKS = YES;
				GCC_OPTIMIZATION_LEVEL = 0;
				GCC_PREPROCESSOR_DEFINITIONS = (
					"DEBUG=1",
					"$(inherited)",
				);
				GCC_WARN_64_TO_32_BIT_CONVERSION = YES;
				GCC_WARN_ABOUT_RETURN_TYPE = YES_ERROR;
				GCC_WARN_UNDECLARED_SELECTOR = YES;
				GCC_WARN_UNINITIALIZED_AUTOS = YES_AGGRESSIVE;
				GCC_WARN_UNUSED_FUNCTION = YES;
				GCC_WARN_UNUSED_VARIABLE = YES;
				IPHONEOS_DEPLOYMENT_TARGET = 13.1;
				MTL_ENABLE_DEBUG_INFO = INCLUDE_SOURCE;
				MTL_FAST_MATH = YES;
				ONLY_ACTIVE_ARCH = YES;
				SDKROOT = iphoneos;
				SWIFT_ACTIVE_COMPILATION_CONDITIONS = DEBUG;
				SWIFT_OPTIMIZATION_LEVEL = "-Onone";
			};
			name = Debug;
		};
		8F3E3B41234D016F0056B54B /* Release */ = {
			isa = XCBuildConfiguration;
			buildSettings = {
				ALWAYS_SEARCH_USER_PATHS = NO;
				CLANG_ANALYZER_NONNULL = YES;
				CLANG_ANALYZER_NUMBER_OBJECT_CONVERSION = YES_AGGRESSIVE;
				CLANG_CXX_LANGUAGE_STANDARD = "gnu++14";
				CLANG_CXX_LIBRARY = "libc++";
				CLANG_ENABLE_MODULES = YES;
				CLANG_ENABLE_OBJC_ARC = YES;
				CLANG_ENABLE_OBJC_WEAK = YES;
				CLANG_WARN_BLOCK_CAPTURE_AUTORELEASING = YES;
				CLANG_WARN_BOOL_CONVERSION = YES;
				CLANG_WARN_COMMA = YES;
				CLANG_WARN_CONSTANT_CONVERSION = YES;
				CLANG_WARN_DEPRECATED_OBJC_IMPLEMENTATIONS = YES;
				CLANG_WARN_DIRECT_OBJC_ISA_USAGE = YES_ERROR;
				CLANG_WARN_DOCUMENTATION_COMMENTS = YES;
				CLANG_WARN_EMPTY_BODY = YES;
				CLANG_WARN_ENUM_CONVERSION = YES;
				CLANG_WARN_INFINITE_RECURSION = YES;
				CLANG_WARN_INT_CONVERSION = YES;
				CLANG_WARN_NON_LITERAL_NULL_CONVERSION = YES;
				CLANG_WARN_OBJC_IMPLICIT_RETAIN_SELF = YES;
				CLANG_WARN_OBJC_LITERAL_CONVERSION = YES;
				CLANG_WARN_OBJC_ROOT_CLASS = YES_ERROR;
				CLANG_WARN_RANGE_LOOP_ANALYSIS = YES;
				CLANG_WARN_STRICT_PROTOTYPES = YES;
				CLANG_WARN_SUSPICIOUS_MOVE = YES;
				CLANG_WARN_UNGUARDED_AVAILABILITY = YES_AGGRESSIVE;
				CLANG_WARN_UNREACHABLE_CODE = YES;
				CLANG_WARN__DUPLICATE_METHOD_MATCH = YES;
				COPY_PHASE_STRIP = NO;
				DEBUG_INFORMATION_FORMAT = "dwarf-with-dsym";
				ENABLE_NS_ASSERTIONS = NO;
				ENABLE_STRICT_OBJC_MSGSEND = YES;
				GCC_C_LANGUAGE_STANDARD = gnu11;
				GCC_NO_COMMON_BLOCKS = YES;
				GCC_WARN_64_TO_32_BIT_CONVERSION = YES;
				GCC_WARN_ABOUT_RETURN_TYPE = YES_ERROR;
				GCC_WARN_UNDECLARED_SELECTOR = YES;
				GCC_WARN_UNINITIALIZED_AUTOS = YES_AGGRESSIVE;
				GCC_WARN_UNUSED_FUNCTION = YES;
				GCC_WARN_UNUSED_VARIABLE = YES;
				IPHONEOS_DEPLOYMENT_TARGET = 13.1;
				MTL_ENABLE_DEBUG_INFO = NO;
				MTL_FAST_MATH = YES;
				SDKROOT = iphoneos;
				SWIFT_COMPILATION_MODE = wholemodule;
				SWIFT_OPTIMIZATION_LEVEL = "-O";
				VALIDATE_PRODUCT = YES;
			};
			name = Release;
		};
		8F3E3B43234D016F0056B54B /* Debug */ = {
			isa = XCBuildConfiguration;
			buildSettings = {
				ASSETCATALOG_COMPILER_APPICON_NAME = AppIcon;
				CODE_SIGN_STYLE = Automatic;
				DEVELOPMENT_ASSET_PATHS = "\"HotdogNotHotdog/Preview Content\"";
				DEVELOPMENT_TEAM = MWN7QQ458T;
				ENABLE_PREVIEWS = YES;
				INFOPLIST_FILE = HotdogNotHotdog/Info.plist;
				LD_RUNPATH_SEARCH_PATHS = (
					"$(inherited)",
					"@executable_path/Frameworks",
				);
				PRODUCT_BUNDLE_IDENTIFIER = bouvet.HotdogNotHotdog;
				PRODUCT_NAME = "$(TARGET_NAME)";
				SWIFT_VERSION = 5.0;
				TARGETED_DEVICE_FAMILY = "1,2";
			};
			name = Debug;
		};
		8F3E3B44234D016F0056B54B /* Release */ = {
			isa = XCBuildConfiguration;
			buildSettings = {
				ASSETCATALOG_COMPILER_APPICON_NAME = AppIcon;
				CODE_SIGN_STYLE = Automatic;
				DEVELOPMENT_ASSET_PATHS = "\"HotdogNotHotdog/Preview Content\"";
				DEVELOPMENT_TEAM = MWN7QQ458T;
				ENABLE_PREVIEWS = YES;
				INFOPLIST_FILE = HotdogNotHotdog/Info.plist;
				LD_RUNPATH_SEARCH_PATHS = (
					"$(inherited)",
					"@executable_path/Frameworks",
				);
				PRODUCT_BUNDLE_IDENTIFIER = bouvet.HotdogNotHotdog;
				PRODUCT_NAME = "$(TARGET_NAME)";
				SWIFT_VERSION = 5.0;
				TARGETED_DEVICE_FAMILY = "1,2";
			};
			name = Release;
		};
		8F3E3B46234D016F0056B54B /* Debug */ = {
			isa = XCBuildConfiguration;
			buildSettings = {
				ALWAYS_EMBED_SWIFT_STANDARD_LIBRARIES = YES;
				BUNDLE_LOADER = "$(TEST_HOST)";
				CODE_SIGN_STYLE = Automatic;
				DEVELOPMENT_TEAM = MWN7QQ458T;
				INFOPLIST_FILE = HotdogNotHotdogTests/Info.plist;
				IPHONEOS_DEPLOYMENT_TARGET = 13.1;
				LD_RUNPATH_SEARCH_PATHS = (
					"$(inherited)",
					"@executable_path/Frameworks",
					"@loader_path/Frameworks",
				);
				PRODUCT_BUNDLE_IDENTIFIER = bouvet.HotdogNotHotdogTests;
				PRODUCT_NAME = "$(TARGET_NAME)";
				SWIFT_VERSION = 5.0;
				TARGETED_DEVICE_FAMILY = "1,2";
				TEST_HOST = "$(BUILT_PRODUCTS_DIR)/HotdogNotHotdog.app/HotdogNotHotdog";
			};
			name = Debug;
		};
		8F3E3B47234D016F0056B54B /* Release */ = {
			isa = XCBuildConfiguration;
			buildSettings = {
				ALWAYS_EMBED_SWIFT_STANDARD_LIBRARIES = YES;
				BUNDLE_LOADER = "$(TEST_HOST)";
				CODE_SIGN_STYLE = Automatic;
				DEVELOPMENT_TEAM = MWN7QQ458T;
				INFOPLIST_FILE = HotdogNotHotdogTests/Info.plist;
				IPHONEOS_DEPLOYMENT_TARGET = 13.1;
				LD_RUNPATH_SEARCH_PATHS = (
					"$(inherited)",
					"@executable_path/Frameworks",
					"@loader_path/Frameworks",
				);
				PRODUCT_BUNDLE_IDENTIFIER = bouvet.HotdogNotHotdogTests;
				PRODUCT_NAME = "$(TARGET_NAME)";
				SWIFT_VERSION = 5.0;
				TARGETED_DEVICE_FAMILY = "1,2";
				TEST_HOST = "$(BUILT_PRODUCTS_DIR)/HotdogNotHotdog.app/HotdogNotHotdog";
			};
			name = Release;
		};
		8F3E3B49234D016F0056B54B /* Debug */ = {
			isa = XCBuildConfiguration;
			buildSettings = {
				ALWAYS_EMBED_SWIFT_STANDARD_LIBRARIES = YES;
				CODE_SIGN_STYLE = Automatic;
				DEVELOPMENT_TEAM = MWN7QQ458T;
				INFOPLIST_FILE = HotdogNotHotdogUITests/Info.plist;
				LD_RUNPATH_SEARCH_PATHS = (
					"$(inherited)",
					"@executable_path/Frameworks",
					"@loader_path/Frameworks",
				);
				PRODUCT_BUNDLE_IDENTIFIER = bouvet.HotdogNotHotdogUITests;
				PRODUCT_NAME = "$(TARGET_NAME)";
				SWIFT_VERSION = 5.0;
				TARGETED_DEVICE_FAMILY = "1,2";
				TEST_TARGET_NAME = HotdogNotHotdog;
			};
			name = Debug;
		};
		8F3E3B4A234D016F0056B54B /* Release */ = {
			isa = XCBuildConfiguration;
			buildSettings = {
				ALWAYS_EMBED_SWIFT_STANDARD_LIBRARIES = YES;
				CODE_SIGN_STYLE = Automatic;
				DEVELOPMENT_TEAM = MWN7QQ458T;
				INFOPLIST_FILE = HotdogNotHotdogUITests/Info.plist;
				LD_RUNPATH_SEARCH_PATHS = (
					"$(inherited)",
					"@executable_path/Frameworks",
					"@loader_path/Frameworks",
				);
				PRODUCT_BUNDLE_IDENTIFIER = bouvet.HotdogNotHotdogUITests;
				PRODUCT_NAME = "$(TARGET_NAME)";
				SWIFT_VERSION = 5.0;
				TARGETED_DEVICE_FAMILY = "1,2";
				TEST_TARGET_NAME = HotdogNotHotdog;
			};
			name = Release;
		};
/* End XCBuildConfiguration section */

/* Begin XCConfigurationList section */
		8F3E3B13234D016D0056B54B /* Build configuration list for PBXProject "HotdogNotHotdog" */ = {
			isa = XCConfigurationList;
			buildConfigurations = (
				8F3E3B40234D016F0056B54B /* Debug */,
				8F3E3B41234D016F0056B54B /* Release */,
			);
			defaultConfigurationIsVisible = 0;
			defaultConfigurationName = Release;
		};
		8F3E3B42234D016F0056B54B /* Build configuration list for PBXNativeTarget "HotdogNotHotdog" */ = {
			isa = XCConfigurationList;
			buildConfigurations = (
				8F3E3B43234D016F0056B54B /* Debug */,
				8F3E3B44234D016F0056B54B /* Release */,
			);
			defaultConfigurationIsVisible = 0;
			defaultConfigurationName = Release;
		};
		8F3E3B45234D016F0056B54B /* Build configuration list for PBXNativeTarget "HotdogNotHotdogTests" */ = {
			isa = XCConfigurationList;
			buildConfigurations = (
				8F3E3B46234D016F0056B54B /* Debug */,
				8F3E3B47234D016F0056B54B /* Release */,
			);
			defaultConfigurationIsVisible = 0;
			defaultConfigurationName = Release;
		};
		8F3E3B48234D016F0056B54B /* Build configuration list for PBXNativeTarget "HotdogNotHotdogUITests" */ = {
			isa = XCConfigurationList;
			buildConfigurations = (
				8F3E3B49234D016F0056B54B /* Debug */,
				8F3E3B4A234D016F0056B54B /* Release */,
			);
			defaultConfigurationIsVisible = 0;
			defaultConfigurationName = Release;
		};
/* End XCConfigurationList section */
	};
	rootObject = 8F3E3B10234D016D0056B54B /* Project object */;
}
